
Microsoft Visual Studio Solution File, Format Version 12.00
# Visual Studio Version 16
VisualStudioVersion = 16.0.31829.152
MinimumVisualStudioVersion = 10.0.40219.1
Project("{E24C65DC-7377-472B-9ABA-BC803B73C61A}") = "WebApplication", "WebApplication\", "{3297E12F-DC5A-4F45-A173-D5347A04754F}"
	ProjectSection(WebsiteProperties) = preProject
		TargetFrameworkMoniker = ".NETFramework,Version%3Dv4.0"
		ProjectReferences = "{366CB344-B998-4BE2-BFA8-BAEA26539338}|BAL.dll;{8BBAE038-E12E-419F-BAA5-DF67E2AA9566}|DAL.dll;"
		Debug.AspNetCompiler.VirtualPath = "/WebApplication"
		Debug.AspNetCompiler.PhysicalPath = "WebApplication\"
		Debug.AspNetCompiler.TargetPath = "PrecompiledWeb\WebApplication\"
		Debug.AspNetCompiler.Updateable = "true"
		Debug.AspNetCompiler.ForceOverwrite = "true"
		Debug.AspNetCompiler.FixedNames = "false"
		Debug.AspNetCompiler.Debug = "True"
		Release.AspNetCompiler.VirtualPath = "/WebApplication"
		Release.AspNetCompiler.PhysicalPath = "WebApplication\"
		Release.AspNetCompiler.TargetPath = "PrecompiledWeb\WebApplication\"
		Release.AspNetCompiler.Updateable = "true"
		Release.AspNetCompiler.ForceOverwrite = "true"
		Release.AspNetCompiler.FixedNames = "false"
		Release.AspNetCompiler.Debug = "False"
		VWDPort = "61910"
		SlnRelativePath = "WebApplication\"
		DefaultWebSiteLanguage = "Visual C#"
	EndProjectSection
EndProject
Project("{FAE04EC0-301F-11D3-BF4B-00C04F79EFBC}") = "BAL", "BAL\BAL.csproj", "{366CB344-B998-4BE2-BFA8-BAEA26539338}"
EndProject
Project("{FAE04EC0-301F-11D3-BF4B-00C04F79EFBC}") = "DAL", "DAL\DAL.csproj", "{8BBAE038-E12E-419F-BAA5-DF67E2AA9566}"
EndProject
Global
	GlobalSection(SolutionConfigurationPlatforms) = preSolution
		Debug|.NET = Debug|.NET
		Debug|Any CPU = Debug|Any CPU
		Debug|Mixed Platforms = Debug|Mixed Platforms
		Release|.NET = Release|.NET
		Release|Any CPU = Release|Any CPU
		Release|Mixed Platforms = Release|Mixed Platforms
	EndGlobalSection
	GlobalSection(ProjectConfigurationPlatforms) = postSolution
		{3297E12F-DC5A-4F45-A173-D5347A04754F}.Debug|.NET.ActiveCfg = Debug|Any CPU
		{3297E12F-DC5A-4F45-A173-D5347A04754F}.Debug|.NET.Build.0 = Debug|Any CPU
		{3297E12F-DC5A-4F45-A173-D5347A04754F}.Debug|Any CPU.ActiveCfg = Debug|Any CPU
		{3297E12F-DC5A-4F45-A173-D5347A04754F}.Debug|Any CPU.Build.0 = Debug|Any CPU
		{3297E12F-DC5A-4F45-A173-D5347A04754F}.Debug|Mixed Platforms.ActiveCfg = Debug|Any CPU
		{3297E12F-DC5A-4F45-A173-D5347A04754F}.Debug|Mixed Platforms.Build.0 = Debug|Any CPU
		{3297E12F-DC5A-4F45-A173-D5347A04754F}.Release|.NET.ActiveCfg = Debug|Any CPU
		{3297E12F-DC5A-4F45-A173-D5347A04754F}.Release|.NET.Build.0 = Debug|Any CPU
		{3297E12F-DC5A-4F45-A173-D5347A04754F}.Release|Any CPU.ActiveCfg = Debug|Any CPU
		{3297E12F-DC5A-4F45-A173-D5347A04754F}.Release|Any CPU.Build.0 = Debug|Any CPU
		{3297E12F-DC5A-4F45-A173-D5347A04754F}.Release|Mixed Platforms.ActiveCfg = Debug|Any CPU
		{3297E12F-DC5A-4F45-A173-D5347A04754F}.Release|Mixed Platforms.Build.0 = Debug|Any CPU
		{366CB344-B998-4BE2-BFA8-BAEA26539338}.Debug|.NET.ActiveCfg = Debug|Any CPU
		{366CB344-B998-4BE2-BFA8-BAEA26539338}.Debug|Any CPU.ActiveCfg = Debug|Any CPU
		{366CB344-B998-4BE2-BFA8-BAEA26539338}.Debug|Any CPU.Build.0 = Debug|Any CPU
		{366CB344-B998-4BE2-BFA8-BAEA26539338}.Debug|Mixed Platforms.ActiveCfg = Debug|Any CPU
		{366CB344-B998-4BE2-BFA8-BAEA26539338}.Debug|Mixed Platforms.Build.0 = Debug|Any CPU
		{366CB344-B998-4BE2-BFA8-BAEA26539338}.Release|.NET.ActiveCfg = Release|Any CPU
		{366CB344-B998-4BE2-BFA8-BAEA26539338}.Release|Any CPU.ActiveCfg = Release|Any CPU
		{366CB344-B998-4BE2-BFA8-BAEA26539338}.Release|Any CPU.Build.0 = Release|Any CPU
		{366CB344-B998-4BE2-BFA8-BAEA26539338}.Release|Mixed Platforms.ActiveCfg = Release|Any CPU
		{366CB344-B998-4BE2-BFA8-BAEA26539338}.Release|Mixed Platforms.Build.0 = Release|Any CPU
		{8BBAE038-E12E-419F-BAA5-DF67E2AA9566}.Debug|.NET.ActiveCfg = Debug|Any CPU
		{8BBAE038-E12E-419F-BAA5-DF67E2AA9566}.Debug|Any CPU.ActiveCfg = Debug|Any CPU
		{8BBAE038-E12E-419F-BAA5-DF67E2AA9566}.Debug|Any CPU.Build.0 = Debug|Any CPU
		{8BBAE038-E12E-419F-BAA5-DF67E2AA9566}.Debug|Mixed Platforms.ActiveCfg = Debug|Any CPU
		{8BBAE038-E12E-419F-BAA5-DF67E2AA9566}.Debug|Mixed Platforms.Build.0 = Debug|Any CPU
		{8BBAE038-E12E-419F-BAA5-DF67E2AA9566}.Release|.NET.ActiveCfg = Release|Any CPU
		{8BBAE038-E12E-419F-BAA5-DF67E2AA9566}.Release|Any CPU.ActiveCfg = Release|Any CPU
		{8BBAE038-E12E-419F-BAA5-DF67E2AA9566}.Release|Any CPU.Build.0 = Release|Any CPU
		{8BBAE038-E12E-419F-BAA5-DF67E2AA9566}.Release|Mixed Platforms.ActiveCfg = Release|Any CPU
		{8BBAE038-E12E-419F-BAA5-DF67E2AA9566}.Release|Mixed Platforms.Build.0 = Release|Any CPU
	EndGlobalSection
	GlobalSection(SolutionProperties) = preSolution
		HideSolutionNode = FALSE
	EndGlobalSection
	GlobalSection(ExtensibilityGlobals) = postSolution
		SolutionGuid = {B1DEB598-28F4-4B7A-A2F7-D74D710136B1}
	EndGlobalSection
EndGlobal
